// !$*UTF8*$!
{
	archiveVersion = 1;
	classes = {
	};
	objectVersion = 56;
	objects = {

/* Begin PBXBuildFile section */
		79F576D2290F7ECB005A294A /* AppDelegate.swift in Sources */ = {isa = PBXBuildFile; fileRef = 79F576D1290F7ECB005A294A /* AppDelegate.swift */; };
		79F576D4290F7ECB005A294A /* SceneDelegate.swift in Sources */ = {isa = PBXBuildFile; fileRef = 79F576D3290F7ECB005A294A /* SceneDelegate.swift */; };
		79F576D6290F7ECB005A294A /* GoalsListViewController.swift in Sources */ = {isa = PBXBuildFile; fileRef = 79F576D5290F7ECB005A294A /* GoalsListViewController.swift */; };
		79F576DC290F7ECB005A294A /* ErAy___Daily_Goals_Checklist.xcdatamodeld in Sources */ = {isa = PBXBuildFile; fileRef = 79F576DA290F7ECB005A294A /* ErAy___Daily_Goals_Checklist.xcdatamodeld */; };
		79F576DE290F7ECC005A294A /* Assets.xcassets in Resources */ = {isa = PBXBuildFile; fileRef = 79F576DD290F7ECC005A294A /* Assets.xcassets */; };
		79F576E1290F7ECC005A294A /* LaunchScreen.storyboard in Resources */ = {isa = PBXBuildFile; fileRef = 79F576DF290F7ECC005A294A /* LaunchScreen.storyboard */; };
		79F576EC290F8E6D005A294A /* GoalCreationViewController.swift in Sources */ = {isa = PBXBuildFile; fileRef = 79F576EB290F8E6D005A294A /* GoalCreationViewController.swift */; };
		79F576EE290FA3E6005A294A /* AddGoalView.swift in Sources */ = {isa = PBXBuildFile; fileRef = 79F576ED290FA3E6005A294A /* AddGoalView.swift */; };
/* End PBXBuildFile section */

/* Begin PBXFileReference section */
		79F576CE290F7ECB005A294A /* ErAy – Daily Goals Checklist.app */ = {isa = PBXFileReference; explicitFileType = wrapper.application; includeInIndex = 0; path = "ErAy – Daily Goals Checklist.app"; sourceTree = BUILT_PRODUCTS_DIR; };
		79F576D1290F7ECB005A294A /* AppDelegate.swift */ = {isa = PBXFileReference; lastKnownFileType = sourcecode.swift; path = AppDelegate.swift; sourceTree = "<group>"; };
		79F576D3290F7ECB005A294A /* SceneDelegate.swift */ = {isa = PBXFileReference; lastKnownFileType = sourcecode.swift; path = SceneDelegate.swift; sourceTree = "<group>"; };
		79F576D5290F7ECB005A294A /* GoalsListViewController.swift */ = {isa = PBXFileReference; lastKnownFileType = sourcecode.swift; path = GoalsListViewController.swift; sourceTree = "<group>"; };
		79F576DB290F7ECB005A294A /* ErAy___Daily_Goals_Checklist.xcdatamodel */ = {isa = PBXFileReference; lastKnownFileType = wrapper.xcdatamodel; path = "ErAy___Daily_Goals_Checklist.xcdatamodel"; sourceTree = "<group>"; };
		79F576DD290F7ECC005A294A /* Assets.xcassets */ = {isa = PBXFileReference; lastKnownFileType = folder.assetcatalog; path = Assets.xcassets; sourceTree = "<group>"; };
		79F576E0290F7ECC005A294A /* Base */ = {isa = PBXFileReference; lastKnownFileType = file.storyboard; name = Base; path = Base.lproj/LaunchScreen.storyboard; sourceTree = "<group>"; };
		79F576E2290F7ECC005A294A /* Info.plist */ = {isa = PBXFileReference; lastKnownFileType = text.plist.xml; path = Info.plist; sourceTree = "<group>"; };
		79F576EB290F8E6D005A294A /* GoalCreationViewController.swift */ = {isa = PBXFileReference; lastKnownFileType = sourcecode.swift; path = GoalCreationViewController.swift; sourceTree = "<group>"; };
		79F576ED290FA3E6005A294A /* AddGoalView.swift */ = {isa = PBXFileReference; lastKnownFileType = sourcecode.swift; path = AddGoalView.swift; sourceTree = "<group>"; };
/* End PBXFileReference section */

/* Begin PBXFrameworksBuildPhase section */
		79F576CB290F7ECB005A294A /* Frameworks */ = {
			isa = PBXFrameworksBuildPhase;
			buildActionMask = 2147483647;
			files = (
			);
			runOnlyForDeploymentPostprocessing = 0;
		};
/* End PBXFrameworksBuildPhase section */

/* Begin PBXGroup section */
		79F576C5290F7ECB005A294A = {
			isa = PBXGroup;
			children = (
				79F576D0290F7ECB005A294A /* ErAy – Daily Goals Checklist */,
				79F576CF290F7ECB005A294A /* Products */,
			);
			sourceTree = "<group>";
		};
		79F576CF290F7ECB005A294A /* Products */ = {
			isa = PBXGroup;
			children = (
				79F576CE290F7ECB005A294A /* ErAy – Daily Goals Checklist.app */,
			);
			name = Products;
			sourceTree = "<group>";
		};
		79F576D0290F7ECB005A294A /* ErAy – Daily Goals Checklist */ = {
			isa = PBXGroup;
			children = (
				79F576EA290F8129005A294A /* ViewControllers */,
				79F576E8290F80F8005A294A /* App */,
				79F576E9290F8118005A294A /* Resources */,
				79F576DF290F7ECC005A294A /* LaunchScreen.storyboard */,
				79F576DA290F7ECB005A294A /* ErAy___Daily_Goals_Checklist.xcdatamodeld */,
			);
			path = "ErAy – Daily Goals Checklist";
			sourceTree = "<group>";
		};
		79F576E8290F80F8005A294A /* App */ = {
			isa = PBXGroup;
			children = (
				79F576D1290F7ECB005A294A /* AppDelegate.swift */,
				79F576D3290F7ECB005A294A /* SceneDelegate.swift */,
				79F576E2290F7ECC005A294A /* Info.plist */,
			);
			path = App;
			sourceTree = "<group>";
		};
		79F576E9290F8118005A294A /* Resources */ = {
			isa = PBXGroup;
			children = (
				79F576DD290F7ECC005A294A /* Assets.xcassets */,
			);
			path = Resources;
			sourceTree = "<group>";
		};
		79F576EA290F8129005A294A /* ViewControllers */ = {
			isa = PBXGroup;
			children = (
				79F576D5290F7ECB005A294A /* GoalsListViewController.swift */,
				79F576ED290FA3E6005A294A /* AddGoalView.swift */,
				79F576EB290F8E6D005A294A /* GoalCreationViewController.swift */,
			);
			path = ViewControllers;
			sourceTree = "<group>";
		};
/* End PBXGroup section */

/* Begin PBXNativeTarget section */
		79F576CD290F7ECB005A294A /* ErAy – Daily Goals Checklist */ = {
			isa = PBXNativeTarget;
			buildConfigurationList = 79F576E5290F7ECC005A294A /* Build configuration list for PBXNativeTarget "ErAy – Daily Goals Checklist" */;
			buildPhases = (
				79F576CA290F7ECB005A294A /* Sources */,
				79F576CB290F7ECB005A294A /* Frameworks */,
				79F576CC290F7ECB005A294A /* Resources */,
			);
			buildRules = (
			);
			dependencies = (
			);
			name = "ErAy – Daily Goals Checklist";
			productName = "ErAy – Daily Goals Checklist";
			productReference = 79F576CE290F7ECB005A294A /* ErAy – Daily Goals Checklist.app */;
			productType = "com.apple.product-type.application";
		};
/* End PBXNativeTarget section */

/* Begin PBXProject section */
		79F576C6290F7ECB005A294A /* Project object */ = {
			isa = PBXProject;
			attributes = {
				BuildIndependentTargetsInParallel = 1;
				LastSwiftUpdateCheck = 1400;
				LastUpgradeCheck = 1400;
				TargetAttributes = {
					79F576CD290F7ECB005A294A = {
						CreatedOnToolsVersion = 14.0.1;
					};
				};
			};
			buildConfigurationList = 79F576C9290F7ECB005A294A /* Build configuration list for PBXProject "ErAy – Daily Goals Checklist" */;
			compatibilityVersion = "Xcode 14.0";
			developmentRegion = en;
			hasScannedForEncodings = 0;
			knownRegions = (
				en,
				Base,
			);
			mainGroup = 79F576C5290F7ECB005A294A;
			productRefGroup = 79F576CF290F7ECB005A294A /* Products */;
			projectDirPath = "";
			projectRoot = "";
			targets = (
				79F576CD290F7ECB005A294A /* ErAy – Daily Goals Checklist */,
			);
		};
/* End PBXProject section */

/* Begin PBXResourcesBuildPhase section */
		79F576CC290F7ECB005A294A /* Resources */ = {
			isa = PBXResourcesBuildPhase;
			buildActionMask = 2147483647;
			files = (
				79F576E1290F7ECC005A294A /* LaunchScreen.storyboard in Resources */,
				79F576DE290F7ECC005A294A /* Assets.xcassets in Resources */,
			);
			runOnlyForDeploymentPostprocessing = 0;
		};
/* End PBXResourcesBuildPhase section */

/* Begin PBXSourcesBuildPhase section */
		79F576CA290F7ECB005A294A /* Sources */ = {
			isa = PBXSourcesBuildPhase;
			buildActionMask = 2147483647;
			files = (
				79F576DC290F7ECB005A294A /* ErAy___Daily_Goals_Checklist.xcdatamodeld in Sources */,
				79F576EC290F8E6D005A294A /* GoalCreationViewController.swift in Sources */,
				79F576D6290F7ECB005A294A /* GoalsListViewController.swift in Sources */,
				79F576EE290FA3E6005A294A /* AddGoalView.swift in Sources */,
				79F576D2290F7ECB005A294A /* AppDelegate.swift in Sources */,
				79F576D4290F7ECB005A294A /* SceneDelegate.swift in Sources */,
			);
			runOnlyForDeploymentPostprocessing = 0;
		};
/* End PBXSourcesBuildPhase section */

/* Begin PBXVariantGroup section */
		79F576DF290F7ECC005A294A /* LaunchScreen.storyboard */ = {
			isa = PBXVariantGroup;
			children = (
				79F576E0290F7ECC005A294A /* Base */,
			);
			name = LaunchScreen.storyboard;
			sourceTree = "<group>";
		};
/* End PBXVariantGroup section */

/* Begin XCBuildConfiguration section */
		79F576E3290F7ECC005A294A /* Debug */ = {
			isa = XCBuildConfiguration;
			buildSettings = {
				ALWAYS_SEARCH_USER_PATHS = NO;
				CLANG_ANALYZER_NONNULL = YES;
				CLANG_ANALYZER_NUMBER_OBJECT_CONVERSION = YES_AGGRESSIVE;
				CLANG_CXX_LANGUAGE_STANDARD = "gnu++20";
				CLANG_ENABLE_MODULES = YES;
				CLANG_ENABLE_OBJC_ARC = YES;
				CLANG_ENABLE_OBJC_WEAK = YES;
				CLANG_WARN_BLOCK_CAPTURE_AUTORELEASING = YES;
				CLANG_WARN_BOOL_CONVERSION = YES;
				CLANG_WARN_COMMA = YES;
				CLANG_WARN_CONSTANT_CONVERSION = YES;
				CLANG_WARN_DEPRECATED_OBJC_IMPLEMENTATIONS = YES;
				CLANG_WARN_DIRECT_OBJC_ISA_USAGE = YES_ERROR;
				CLANG_WARN_DOCUMENTATION_COMMENTS = YES;
				CLANG_WARN_EMPTY_BODY = YES;
				CLANG_WARN_ENUM_CONVERSION = YES;
				CLANG_WARN_INFINITE_RECURSION = YES;
				CLANG_WARN_INT_CONVERSION = YES;
				CLANG_WARN_NON_LITERAL_NULL_CONVERSION = YES;
				CLANG_WARN_OBJC_IMPLICIT_RETAIN_SELF = YES;
				CLANG_WARN_OBJC_LITERAL_CONVERSION = YES;
				CLANG_WARN_OBJC_ROOT_CLASS = YES_ERROR;
				CLANG_WARN_QUOTED_INCLUDE_IN_FRAMEWORK_HEADER = YES;
				CLANG_WARN_RANGE_LOOP_ANALYSIS = YES;
				CLANG_WARN_STRICT_PROTOTYPES = YES;
				CLANG_WARN_SUSPICIOUS_MOVE = YES;
				CLANG_WARN_UNGUARDED_AVAILABILITY = YES_AGGRESSIVE;
				CLANG_WARN_UNREACHABLE_CODE = YES;
				CLANG_WARN__DUPLICATE_METHOD_MATCH = YES;
				COPY_PHASE_STRIP = NO;
				DEBUG_INFORMATION_FORMAT = dwarf;
				ENABLE_STRICT_OBJC_MSGSEND = YES;
				ENABLE_TESTABILITY = YES;
				GCC_C_LANGUAGE_STANDARD = gnu11;
				GCC_DYNAMIC_NO_PIC = NO;
				GCC_NO_COMMON_BLOCKS = YES;
				GCC_OPTIMIZATION_LEVEL = 0;
				GCC_PREPROCESSOR_DEFINITIONS = (
					"DEBUG=1",
					"$(inherited)",
				);
				GCC_WARN_64_TO_32_BIT_CONVERSION = YES;
				GCC_WARN_ABOUT_RETURN_TYPE = YES_ERROR;
				GCC_WARN_UNDECLARED_SELECTOR = YES;
				GCC_WARN_UNINITIALIZED_AUTOS = YES_AGGRESSIVE;
				GCC_WARN_UNUSED_FUNCTION = YES;
				GCC_WARN_UNUSED_VARIABLE = YES;
				IPHONEOS_DEPLOYMENT_TARGET = 16.0;
				MTL_ENABLE_DEBUG_INFO = INCLUDE_SOURCE;
				MTL_FAST_MATH = YES;
				ONLY_ACTIVE_ARCH = YES;
				SDKROOT = iphoneos;
				SWIFT_ACTIVE_COMPILATION_CONDITIONS = DEBUG;
				SWIFT_OPTIMIZATION_LEVEL = "-Onone";
			};
			name = Debug;
		};
		79F576E4290F7ECC005A294A /* Release */ = {
			isa = XCBuildConfiguration;
			buildSettings = {
				ALWAYS_SEARCH_USER_PATHS = NO;
				CLANG_ANALYZER_NONNULL = YES;
				CLANG_ANALYZER_NUMBER_OBJECT_CONVERSION = YES_AGGRESSIVE;
				CLANG_CXX_LANGUAGE_STANDARD = "gnu++20";
				CLANG_ENABLE_MODULES = YES;
				CLANG_ENABLE_OBJC_ARC = YES;
				CLANG_ENABLE_OBJC_WEAK = YES;
				CLANG_WARN_BLOCK_CAPTURE_AUTORELEASING = YES;
				CLANG_WARN_BOOL_CONVERSION = YES;
				CLANG_WARN_COMMA = YES;
				CLANG_WARN_CONSTANT_CONVERSION = YES;
				CLANG_WARN_DEPRECATED_OBJC_IMPLEMENTATIONS = YES;
				CLANG_WARN_DIRECT_OBJC_ISA_USAGE = YES_ERROR;
				CLANG_WARN_DOCUMENTATION_COMMENTS = YES;
				CLANG_WARN_EMPTY_BODY = YES;
				CLANG_WARN_ENUM_CONVERSION = YES;
				CLANG_WARN_INFINITE_RECURSION = YES;
				CLANG_WARN_INT_CONVERSION = YES;
				CLANG_WARN_NON_LITERAL_NULL_CONVERSION = YES;
				CLANG_WARN_OBJC_IMPLICIT_RETAIN_SELF = YES;
				CLANG_WARN_OBJC_LITERAL_CONVERSION = YES;
				CLANG_WARN_OBJC_ROOT_CLASS = YES_ERROR;
				CLANG_WARN_QUOTED_INCLUDE_IN_FRAMEWORK_HEADER = YES;
				CLANG_WARN_RANGE_LOOP_ANALYSIS = YES;
				CLANG_WARN_STRICT_PROTOTYPES = YES;
				CLANG_WARN_SUSPICIOUS_MOVE = YES;
				CLANG_WARN_UNGUARDED_AVAILABILITY = YES_AGGRESSIVE;
				CLANG_WARN_UNREACHABLE_CODE = YES;
				CLANG_WARN__DUPLICATE_METHOD_MATCH = YES;
				COPY_PHASE_STRIP = NO;
				DEBUG_INFORMATION_FORMAT = "dwarf-with-dsym";
				ENABLE_NS_ASSERTIONS = NO;
				ENABLE_STRICT_OBJC_MSGSEND = YES;
				GCC_C_LANGUAGE_STANDARD = gnu11;
				GCC_NO_COMMON_BLOCKS = YES;
				GCC_WARN_64_TO_32_BIT_CONVERSION = YES;
				GCC_WARN_ABOUT_RETURN_TYPE = YES_ERROR;
				GCC_WARN_UNDECLARED_SELECTOR = YES;
				GCC_WARN_UNINITIALIZED_AUTOS = YES_AGGRESSIVE;
				GCC_WARN_UNUSED_FUNCTION = YES;
				GCC_WARN_UNUSED_VARIABLE = YES;
				IPHONEOS_DEPLOYMENT_TARGET = 16.0;
				MTL_ENABLE_DEBUG_INFO = NO;
				MTL_FAST_MATH = YES;
				SDKROOT = iphoneos;
				SWIFT_COMPILATION_MODE = wholemodule;
				SWIFT_OPTIMIZATION_LEVEL = "-O";
				VALIDATE_PRODUCT = YES;
			};
			name = Release;
		};
		79F576E6290F7ECC005A294A /* Debug */ = {
			isa = XCBuildConfiguration;
			buildSettings = {
				ASSETCATALOG_COMPILER_APPICON_NAME = AppIcon;
				ASSETCATALOG_COMPILER_GLOBAL_ACCENT_COLOR_NAME = AccentColor;
				CODE_SIGN_STYLE = Automatic;
				CURRENT_PROJECT_VERSION = 1;
				DEVELOPMENT_TEAM = KKH4UHMTXR;
				GENERATE_INFOPLIST_FILE = YES;
				INFOPLIST_FILE = "ErAy – Daily Goals Checklist/App/Info.plist";
				INFOPLIST_KEY_LSApplicationCategoryType = "public.app-category.sports";
				INFOPLIST_KEY_UIApplicationSupportsIndirectInputEvents = YES;
				INFOPLIST_KEY_UILaunchStoryboardName = LaunchScreen;
				INFOPLIST_KEY_UISupportedInterfaceOrientations = UIInterfaceOrientationPortrait;
				INFOPLIST_KEY_UISupportedInterfaceOrientations_iPad = "UIInterfaceOrientationLandscapeLeft UIInterfaceOrientationLandscapeRight UIInterfaceOrientationPortrait UIInterfaceOrientationPortraitUpsideDown";
				LD_RUNPATH_SEARCH_PATHS = (
					"$(inherited)",
					"@executable_path/Frameworks",
				);
				MARKETING_VERSION = 1.0;
				PRODUCT_BUNDLE_IDENTIFIER = "ArtemKharshenko.ru.ErAy---Daily-Goals-Checklist";
				PRODUCT_NAME = "$(TARGET_NAME)";
				SUPPORTED_PLATFORMS = "iphoneos iphonesimulator";
				SUPPORTS_MACCATALYST = NO;
				SUPPORTS_MAC_DESIGNED_FOR_IPHONE_IPAD = YES;
				SWIFT_EMIT_LOC_STRINGS = YES;
				SWIFT_VERSION = 5.0;
				TARGETED_DEVICE_FAMILY = 1;
			};
			name = Debug;
		};
		79F576E7290F7ECC005A294A /* Release */ = {
			isa = XCBuildConfiguration;
			buildSettings = {
				ASSETCATALOG_COMPILER_APPICON_NAME = AppIcon;
				ASSETCATALOG_COMPILER_GLOBAL_ACCENT_COLOR_NAME = AccentColor;
				CODE_SIGN_STYLE = Automatic;
				CURRENT_PROJECT_VERSION = 1;
				DEVELOPMENT_TEAM = KKH4UHMTXR;
				GENERATE_INFOPLIST_FILE = YES;
				INFOPLIST_FILE = "ErAy – Daily Goals Checklist/App/Info.plist";
				INFOPLIST_KEY_LSApplicationCategoryType = "public.app-category.sports";
				INFOPLIST_KEY_UIApplicationSupportsIndirectInputEvents = YES;
				INFOPLIST_KEY_UILaunchStoryboardName = LaunchScreen;
				INFOPLIST_KEY_UISupportedInterfaceOrientations = UIInterfaceOrientationPortrait;
				INFOPLIST_KEY_UISupportedInterfaceOrientations_iPad = "UIInterfaceOrientationLandscapeLeft UIInterfaceOrientationLandscapeRight UIInterfaceOrientationPortrait UIInterfaceOrientationPortraitUpsideDown";
				LD_RUNPATH_SEARCH_PATHS = (
					"$(inherited)",
					"@executable_path/Frameworks",
				);
				MARKETING_VERSION = 1.0;
				PRODUCT_BUNDLE_IDENTIFIER = "ArtemKharshenko.ru.ErAy---Daily-Goals-Checklist";
				PRODUCT_NAME = "$(TARGET_NAME)";
				SUPPORTED_PLATFORMS = "iphoneos iphonesimulator";
				SUPPORTS_MACCATALYST = NO;
				SUPPORTS_MAC_DESIGNED_FOR_IPHONE_IPAD = YES;
				SWIFT_EMIT_LOC_STRINGS = YES;
				SWIFT_VERSION = 5.0;
				TARGETED_DEVICE_FAMILY = 1;
			};
			name = Release;
		};
/* End XCBuildConfiguration section */

/* Begin XCConfigurationList section */
		79F576C9290F7ECB005A294A /* Build configuration list for PBXProject "ErAy – Daily Goals Checklist" */ = {
			isa = XCConfigurationList;
			buildConfigurations = (
				79F576E3290F7ECC005A294A /* Debug */,
				79F576E4290F7ECC005A294A /* Release */,
			);
			defaultConfigurationIsVisible = 0;
			defaultConfigurationName = Release;
		};
		79F576E5290F7ECC005A294A /* Build configuration list for PBXNativeTarget "ErAy – Daily Goals Checklist" */ = {
			isa = XCConfigurationList;
			buildConfigurations = (
				79F576E6290F7ECC005A294A /* Debug */,
				79F576E7290F7ECC005A294A /* Release */,
			);
			defaultConfigurationIsVisible = 0;
			defaultConfigurationName = Release;
		};
/* End XCConfigurationList section */

/* Begin XCVersionGroup section */
		79F576DA290F7ECB005A294A /* ErAy___Daily_Goals_Checklist.xcdatamodeld */ = {
			isa = XCVersionGroup;
			children = (
				79F576DB290F7ECB005A294A /* ErAy___Daily_Goals_Checklist.xcdatamodel */,
			);
			currentVersion = 79F576DB290F7ECB005A294A /* ErAy___Daily_Goals_Checklist.xcdatamodel */;
			path = "ErAy___Daily_Goals_Checklist.xcdatamodeld";
			sourceTree = "<group>";
			versionGroupType = wrapper.xcdatamodel;
		};
/* End XCVersionGroup section */
	};
	rootObject = 79F576C6290F7ECB005A294A /* Project object */;
}
